
Microsoft Visual Studio Solution File, Format Version 12.00
# Visual Studio Version 17
VisualStudioVersion = 17.8.34004.107
MinimumVisualStudioVersion = 10.0.40219.1
Project("{54A90642-561A-4BB1-A94E-469ADEE60C69}") = "Hello.Angular", "Hello.Angular.esproj", "{A7D06FC3-7283-4046-9A6E-C0032AE9ED84}"
EndProject
Global
	GlobalSection(SolutionConfigurationPlatforms) = preSolution
		Debug|Any CPU = Debug|Any CPU
		Release|Any CPU = Release|Any CPU
	EndGlobalSection
	GlobalSection(ProjectConfigurationPlatforms) = postSolution
		{A7D06FC3-7283-4046-9A6E-C0032AE9ED84}.Debug|Any CPU.ActiveCfg = Debug|Any CPU
		{A7D06FC3-7283-4046-9A6E-C0032AE9ED84}.Debug|Any CPU.Build.0 = Debug|Any CPU
		{A7D06FC3-7283-4046-9A6E-C0032AE9ED84}.Debug|Any CPU.Deploy.0 = Debug|Any CPU
		{A7D06FC3-7283-4046-9A6E-C0032AE9ED84}.Release|Any CPU.ActiveCfg = Release|Any CPU
		{A7D06FC3-7283-4046-9A6E-C0032AE9ED84}.Release|Any CPU.Build.0 = Release|Any CPU
		{A7D06FC3-7283-4046-9A6E-C0032AE9ED84}.Release|Any CPU.Deploy.0 = Release|Any CPU
	EndGlobalSection
	GlobalSection(SolutionProperties) = preSolution
		HideSolutionNode = FALSE
	EndGlobalSection
	GlobalSection(ExtensibilityGlobals) = postSolution
		SolutionGuid = {0F075EC3-9061-4B7E-B03E-057AF5C5C0CE}
	EndGlobalSection
EndGlobal
